<?xml version="1.0" encoding="utf-8"?>
<Project ToolsVersion="4.0" xmlns="http://schemas.microsoft.com/developer/msbuild/2003">
  <ItemGroup>
    <ClCompile Include="main.cpp" />
    <ClCompile Include="base\app.cpp">
      <Filter>base</Filter>
    </ClCompile>
    <ClCompile Include="base\dx11.cpp">
      <Filter>base</Filter>
    </ClCompile>
    <ClCompile Include="mesh_rnd\static_mesh_example.cpp">
      <Filter>mesh_rnd</Filter>
    </ClCompile>
    <ClCompile Include="mesh_rnd\vertex_skinning_example.cpp">
      <Filter>mesh_rnd</Filter>
    </ClCompile>
    <ClCompile Include="base\bob_lamp_model.cpp">
      <Filter>base</Filter>
    </ClCompile>
    <ClCompile Include="mesh_rnd\displacement_mapping_example.cpp">
      <Filter>mesh_rnd</Filter>
    </ClCompile>
    <ClCompile Include="tess\terrain_tessellation_example.cpp">
      <Filter>tess</Filter>
    </ClCompile>
    <ClCompile Include="tess\terrain_grid_model.cpp">
      <Filter>tess</Filter>
    </ClCompile>
    <ClCompile Include="tess\compute_complanarity_example.cpp">
      <Filter>tess</Filter>
    </ClCompile>
  </ItemGroup>
  <ItemGroup>
    <Filter Include="base">
      <UniqueIdentifier>{a6bc244b-6061-406c-a99d-a23453fd30df}</UniqueIdentifier>
    </Filter>
    <Filter Include="mesh_rnd">
      <UniqueIdentifier>{00b5670e-9a13-46f6-b9b7-99dddaa81543}</UniqueIdentifier>
    </Filter>
    <Filter Include="tess">
      <UniqueIdentifier>{20b3a81f-f97a-4798-b93d-bafe032253ba}</UniqueIdentifier>
    </Filter>
  </ItemGroup>
  <ItemGroup>
    <ClInclude Include="base\app.h">
      <Filter>base</Filter>
    </ClInclude>
    <ClInclude Include="base\dx11.h">
      <Filter>base</Filter>
    </ClInclude>
    <ClInclude Include="mesh_rnd\static_mesh_example.h">
      <Filter>mesh_rnd</Filter>
    </ClInclude>
    <ClInclude Include="mesh_rnd\vertex_skinning_example.h">
      <Filter>mesh_rnd</Filter>
    </ClInclude>
    <ClInclude Include="base\bob_lamp_model.h">
      <Filter>base</Filter>
    </ClInclude>
    <ClInclude Include="mesh_rnd\displacement_mapping_example.h">
      <Filter>mesh_rnd</Filter>
    </ClInclude>
    <ClInclude Include="tess\terrain_tessellation_example.h">
      <Filter>tess</Filter>
    </ClInclude>
    <ClInclude Include="tess\terrain_grid_model.h">
      <Filter>tess</Filter>
    </ClInclude>
    <ClInclude Include="tess\compute_complanarity_example.h">
      <Filter>tess</Filter>
    </ClInclude>
  </ItemGroup>
</Project>