<?xml version="1.0" encoding="utf-8"?>
<Project ToolsVersion="4.0" xmlns="http://schemas.microsoft.com/developer/msbuild/2003">
  <ItemGroup>
    <ClCompile Include="main.cpp" />
    <ClCompile Include="deferred_lighting\deferred_lighting.cpp">
      <Filter>deferred_lighting</Filter>
    </ClCompile>
    <ClCompile Include="deferred_lighting\render.cpp">
      <Filter>deferred_lighting</Filter>
    </ClCompile>
    <ClCompile Include="deferred_lighting\frame.cpp">
      <Filter>deferred_lighting</Filter>
    </ClCompile>
    <ClCompile Include="deferred_lighting\render_pass_shader.cpp">
      <Filter>deferred_lighting</Filter>
    </ClCompile>
    <ClCompile Include="fur_simulation\fur_simulation_opengl.cpp">
      <Filter>fur_simulation</Filter>
    </ClCompile>
    <ClCompile Include="fur_simulation\fur_model.cpp">
      <Filter>fur_simulation</Filter>
    </ClCompile>
    <ClCompile Include="fur_simulation\fur_glsl_program.cpp">
      <Filter>fur_simulation</Filter>
    </ClCompile>
    <ClCompile Include="deferred_lighting\vertex_spec.cpp">
      <Filter>deferred_lighting</Filter>
    </ClCompile>
    <ClCompile Include="deferred_lighting\filter_shader.cpp">
      <Filter>deferred_lighting</Filter>
    </ClCompile>
  </ItemGroup>
  <ItemGroup>
    <Filter Include="deferred_lighting">
      <UniqueIdentifier>{e1edcfa4-828c-4e85-a079-5fc90649716a}</UniqueIdentifier>
    </Filter>
    <Filter Include="fur_simulation">
      <UniqueIdentifier>{4f121a48-8c26-4bf5-8298-e187f3d50862}</UniqueIdentifier>
    </Filter>
    <Filter Include="displacement_mapping">
      <UniqueIdentifier>{b43c4de9-0f44-4682-95ec-eea45be4b807}</UniqueIdentifier>
    </Filter>
  </ItemGroup>
  <ItemGroup>
    <ClInclude Include="deferred_lighting\deferred_lighting.h">
      <Filter>deferred_lighting</Filter>
    </ClInclude>
    <ClInclude Include="deferred_lighting\render.h">
      <Filter>deferred_lighting</Filter>
    </ClInclude>
    <ClInclude Include="deferred_lighting\frame.h">
      <Filter>deferred_lighting</Filter>
    </ClInclude>
    <ClInclude Include="deferred_lighting\render_pass_shader.h">
      <Filter>deferred_lighting</Filter>
    </ClInclude>
    <ClInclude Include="fur_simulation\fur_simulation_opengl.h">
      <Filter>fur_simulation</Filter>
    </ClInclude>
    <ClInclude Include="fur_simulation\fur_model.h">
      <Filter>fur_simulation</Filter>
    </ClInclude>
    <ClInclude Include="fur_simulation\fur_glsl_program.h">
      <Filter>fur_simulation</Filter>
    </ClInclude>
    <ClInclude Include="deferred_lighting\vertex_spec.h">
      <Filter>deferred_lighting</Filter>
    </ClInclude>
    <ClInclude Include="deferred_lighting\filter_shader.h">
      <Filter>deferred_lighting</Filter>
    </ClInclude>
    <ClInclude Include="displacement_mapping\displacement_mapping.h">
      <Filter>displacement_mapping</Filter>
    </ClInclude>
  </ItemGroup>
</Project>