
Microsoft Visual Studio Solution File, Format Version 12.00
# Visual Studio 14
VisualStudioVersion = 14.0.25420.1
MinimumVisualStudioVersion = 10.0.40219.1
Project("{8BC9CEB8-8B4A-11D0-8D11-00A0C91BC942}") = "cg", "cg\cg.vcxproj", "{6F1C7DA3-E163-4BC7-8A59-99661973F995}"
EndProject
Project("{8BC9CEB8-8B4A-11D0-8D11-00A0C91BC942}") = "unittest", "unittest\unittest.vcxproj", "{1C142679-14FD-4355-AE57-698B53203712}"
EndProject
Project("{2150E333-8FDC-42A3-9474-1A3956D46DE8}") = "data", "data", "{EB942D58-4D6F-4509-8542-770FBD3EAB36}"
	ProjectSection(SolutionItems) = preProject
		..\data\test.pixel.glsl = ..\data\test.pixel.glsl
		..\data\test.vertex.glsl = ..\data\test.vertex.glsl
	EndProjectSection
EndProject
Project("{8BC9CEB8-8B4A-11D0-8D11-00A0C91BC942}") = "technique", "technique\technique.vcxproj", "{F39F9F4B-4584-4F17-8BB4-32CA1F3D12C3}"
EndProject
Project("{2150E333-8FDC-42A3-9474-1A3956D46DE8}") = "deferred_lighting_shaders", "deferred_lighting_shaders", "{44D5E74A-E773-4AF8-ABF1-9B55CE0135B8}"
	ProjectSection(SolutionItems) = preProject
		..\data\deferred_lighting_shaders\gbuffer_pass.fragment.glsl = ..\data\deferred_lighting_shaders\gbuffer_pass.fragment.glsl
		..\data\deferred_lighting_shaders\gbuffer_pass.vertex.glsl = ..\data\deferred_lighting_shaders\gbuffer_pass.vertex.glsl
		..\data\deferred_lighting_shaders\lighting_pass_dir.fragment.glsl = ..\data\deferred_lighting_shaders\lighting_pass_dir.fragment.glsl
		..\data\deferred_lighting_shaders\lighting_pass_dir.vertex.glsl = ..\data\deferred_lighting_shaders\lighting_pass_dir.vertex.glsl
		..\data\deferred_lighting_shaders\material_pass.fragment.glsl = ..\data\deferred_lighting_shaders\material_pass.fragment.glsl
		..\data\deferred_lighting_shaders\material_pass.vertex.glsl = ..\data\deferred_lighting_shaders\material_pass.vertex.glsl
		..\data\deferred_lighting_shaders\shadow_map_pass.fragment.glsl = ..\data\deferred_lighting_shaders\shadow_map_pass.fragment.glsl
		..\data\deferred_lighting_shaders\shadow_map_pass.vertex.glsl = ..\data\deferred_lighting_shaders\shadow_map_pass.vertex.glsl
		..\data\deferred_lighting_shaders\ssao_pass.fragment.glsl = ..\data\deferred_lighting_shaders\ssao_pass.fragment.glsl
		..\data\deferred_lighting_shaders\ssao_pass.vertex.glsl = ..\data\deferred_lighting_shaders\ssao_pass.vertex.glsl
		..\data\deferred_lighting_shaders\tone_mapping_pass.fragment.glsl = ..\data\deferred_lighting_shaders\tone_mapping_pass.fragment.glsl
		..\data\deferred_lighting_shaders\tone_mapping_pass.vertex.glsl = ..\data\deferred_lighting_shaders\tone_mapping_pass.vertex.glsl
	EndProjectSection
EndProject
Project("{2150E333-8FDC-42A3-9474-1A3956D46DE8}") = "utility_shaders", "utility_shaders", "{AF112729-F54C-42ED-B255-96AD38F61B9F}"
	ProjectSection(SolutionItems) = preProject
		..\data\utility_shaders\box_filter_r03.pixel.glsl = ..\data\utility_shaders\box_filter_r03.pixel.glsl
		..\data\utility_shaders\box_filter_r05.pixel.glsl = ..\data\utility_shaders\box_filter_r05.pixel.glsl
		..\data\utility_shaders\filter.vertex.glsl = ..\data\utility_shaders\filter.vertex.glsl
		..\data\utility_shaders\gaussian_filter_r03.pixel.glsl = ..\data\utility_shaders\gaussian_filter_r03.pixel.glsl
		..\data\utility_shaders\gaussian_filter_r05.pixel.glsl = ..\data\utility_shaders\gaussian_filter_r05.pixel.glsl
		..\data\utility_shaders\gaussian_filter_r11.pixel.glsl = ..\data\utility_shaders\gaussian_filter_r11.pixel.glsl
	EndProjectSection
EndProject
Project("{8BC9CEB8-8B4A-11D0-8D11-00A0C91BC942}") = "learn_dx11", "learn_dx11\learn_dx11.vcxproj", "{B21278D2-7A43-4FC4-8201-6FD52420C3A8}"
EndProject
Project("{2150E333-8FDC-42A3-9474-1A3956D46DE8}") = "learn_dx11", "learn_dx11", "{8766FCF4-6CDF-423B-8843-3BAA7C3E0180}"
EndProject
Project("{2150E333-8FDC-42A3-9474-1A3956D46DE8}") = "mesh_rnd", "mesh_rnd", "{FC5A5AAD-B9BC-4240-82B4-00DA66ABCC2E}"
	ProjectSection(SolutionItems) = preProject
		..\data\learn_dx11\mesh_rnd\displacement_mapping.hlsl = ..\data\learn_dx11\mesh_rnd\displacement_mapping.hlsl
		..\data\learn_dx11\mesh_rnd\static_mesh.hlsl = ..\data\learn_dx11\mesh_rnd\static_mesh.hlsl
		..\data\learn_dx11\mesh_rnd\vertex_skinning.hlsl = ..\data\learn_dx11\mesh_rnd\vertex_skinning.hlsl
	EndProjectSection
EndProject
Project("{2150E333-8FDC-42A3-9474-1A3956D46DE8}") = "fur_simulation", "fur_simulation", "{17790165-C1A5-456A-907E-87E4B5D6291A}"
	ProjectSection(SolutionItems) = preProject
		..\data\fur_simulation\fur_generation.fragment.glsl = ..\data\fur_simulation\fur_generation.fragment.glsl
		..\data\fur_simulation\fur_generation.vertex.glsl = ..\data\fur_simulation\fur_generation.vertex.glsl
		..\data\fur_simulation\fur_geometry_pass.fragment.glsl = ..\data\fur_simulation\fur_geometry_pass.fragment.glsl
		..\data\fur_simulation\fur_geometry_pass.vertex.glsl = ..\data\fur_simulation\fur_geometry_pass.vertex.glsl
		..\data\fur_simulation\fur_spread_pass.compute.glsl = ..\data\fur_simulation\fur_spread_pass.compute.glsl
		..\data\fur_simulation\opaque_model.fragment.glsl = ..\data\fur_simulation\opaque_model.fragment.glsl
		..\data\fur_simulation\opaque_model.vertex.glsl = ..\data\fur_simulation\opaque_model.vertex.glsl
	EndProjectSection
EndProject
Global
	GlobalSection(SolutionConfigurationPlatforms) = preSolution
		Debug|x64 = Debug|x64
		Debug|x86 = Debug|x86
		Release|x64 = Release|x64
		Release|x86 = Release|x86
	EndGlobalSection
	GlobalSection(ProjectConfigurationPlatforms) = postSolution
		{6F1C7DA3-E163-4BC7-8A59-99661973F995}.Debug|x64.ActiveCfg = Debug|x64
		{6F1C7DA3-E163-4BC7-8A59-99661973F995}.Debug|x64.Build.0 = Debug|x64
		{6F1C7DA3-E163-4BC7-8A59-99661973F995}.Debug|x86.ActiveCfg = Debug|Win32
		{6F1C7DA3-E163-4BC7-8A59-99661973F995}.Debug|x86.Build.0 = Debug|Win32
		{6F1C7DA3-E163-4BC7-8A59-99661973F995}.Release|x64.ActiveCfg = Release|x64
		{6F1C7DA3-E163-4BC7-8A59-99661973F995}.Release|x64.Build.0 = Release|x64
		{6F1C7DA3-E163-4BC7-8A59-99661973F995}.Release|x86.ActiveCfg = Release|Win32
		{6F1C7DA3-E163-4BC7-8A59-99661973F995}.Release|x86.Build.0 = Release|Win32
		{1C142679-14FD-4355-AE57-698B53203712}.Debug|x64.ActiveCfg = Debug|x64
		{1C142679-14FD-4355-AE57-698B53203712}.Debug|x64.Build.0 = Debug|x64
		{1C142679-14FD-4355-AE57-698B53203712}.Debug|x86.ActiveCfg = Debug|Win32
		{1C142679-14FD-4355-AE57-698B53203712}.Debug|x86.Build.0 = Debug|Win32
		{1C142679-14FD-4355-AE57-698B53203712}.Release|x64.ActiveCfg = Release|x64
		{1C142679-14FD-4355-AE57-698B53203712}.Release|x64.Build.0 = Release|x64
		{1C142679-14FD-4355-AE57-698B53203712}.Release|x86.ActiveCfg = Release|Win32
		{1C142679-14FD-4355-AE57-698B53203712}.Release|x86.Build.0 = Release|Win32
		{F39F9F4B-4584-4F17-8BB4-32CA1F3D12C3}.Debug|x64.ActiveCfg = Debug|x64
		{F39F9F4B-4584-4F17-8BB4-32CA1F3D12C3}.Debug|x64.Build.0 = Debug|x64
		{F39F9F4B-4584-4F17-8BB4-32CA1F3D12C3}.Debug|x86.ActiveCfg = Debug|Win32
		{F39F9F4B-4584-4F17-8BB4-32CA1F3D12C3}.Debug|x86.Build.0 = Debug|Win32
		{F39F9F4B-4584-4F17-8BB4-32CA1F3D12C3}.Release|x64.ActiveCfg = Release|x64
		{F39F9F4B-4584-4F17-8BB4-32CA1F3D12C3}.Release|x64.Build.0 = Release|x64
		{F39F9F4B-4584-4F17-8BB4-32CA1F3D12C3}.Release|x86.ActiveCfg = Release|Win32
		{F39F9F4B-4584-4F17-8BB4-32CA1F3D12C3}.Release|x86.Build.0 = Release|Win32
		{B21278D2-7A43-4FC4-8201-6FD52420C3A8}.Debug|x64.ActiveCfg = Debug|x64
		{B21278D2-7A43-4FC4-8201-6FD52420C3A8}.Debug|x64.Build.0 = Debug|x64
		{B21278D2-7A43-4FC4-8201-6FD52420C3A8}.Debug|x86.ActiveCfg = Debug|Win32
		{B21278D2-7A43-4FC4-8201-6FD52420C3A8}.Debug|x86.Build.0 = Debug|Win32
		{B21278D2-7A43-4FC4-8201-6FD52420C3A8}.Release|x64.ActiveCfg = Release|x64
		{B21278D2-7A43-4FC4-8201-6FD52420C3A8}.Release|x64.Build.0 = Release|x64
		{B21278D2-7A43-4FC4-8201-6FD52420C3A8}.Release|x86.ActiveCfg = Release|Win32
		{B21278D2-7A43-4FC4-8201-6FD52420C3A8}.Release|x86.Build.0 = Release|Win32
	EndGlobalSection
	GlobalSection(SolutionProperties) = preSolution
		HideSolutionNode = FALSE
	EndGlobalSection
	GlobalSection(NestedProjects) = preSolution
		{44D5E74A-E773-4AF8-ABF1-9B55CE0135B8} = {EB942D58-4D6F-4509-8542-770FBD3EAB36}
		{AF112729-F54C-42ED-B255-96AD38F61B9F} = {EB942D58-4D6F-4509-8542-770FBD3EAB36}
		{8766FCF4-6CDF-423B-8843-3BAA7C3E0180} = {EB942D58-4D6F-4509-8542-770FBD3EAB36}
		{FC5A5AAD-B9BC-4240-82B4-00DA66ABCC2E} = {8766FCF4-6CDF-423B-8843-3BAA7C3E0180}
		{17790165-C1A5-456A-907E-87E4B5D6291A} = {EB942D58-4D6F-4509-8542-770FBD3EAB36}
	EndGlobalSection
EndGlobal
