<?xml version="1.0" encoding="utf-8"?>
<Project ToolsVersion="4.0" xmlns="http://schemas.microsoft.com/developer/msbuild/2003">
  <ItemGroup>
    <ClCompile Include="math\math.cpp">
      <Filter>math</Filter>
    </ClCompile>
  </ItemGroup>
  <ItemGroup>
    <Filter Include="math">
      <UniqueIdentifier>{e8106177-098e-4ac0-9905-2150be8ad417}</UniqueIdentifier>
    </Filter>
  </ItemGroup>
  <ItemGroup>
    <ClInclude Include="math\math.h">
      <Filter>math</Filter>
    </ClInclude>
    <ClInclude Include="math\utils.h">
      <Filter>math</Filter>
    </ClInclude>
    <ClInclude Include="math\float3.h">
      <Filter>math</Filter>
    </ClInclude>
    <ClInclude Include="math\float4.h">
      <Filter>math</Filter>
    </ClInclude>
    <ClInclude Include="math\quat.h">
      <Filter>math</Filter>
    </ClInclude>
  </ItemGroup>
</Project>