<?xml version="1.0" encoding="utf-8"?>
<Project ToolsVersion="4.0" xmlns="http://schemas.microsoft.com/developer/msbuild/2003">
  <ItemGroup>
    <ClCompile Include="math\math.cpp">
      <Filter>math</Filter>
    </ClCompile>
    <ClCompile Include="file\file.cpp">
      <Filter>file</Filter>
    </ClCompile>
    <ClCompile Include="data\mesh.cpp">
      <Filter>data</Filter>
    </ClCompile>
    <ClCompile Include="opengl\shader.cpp">
      <Filter>opengl</Filter>
    </ClCompile>
    <ClCompile Include="opengl\opengl_def.cpp">
      <Filter>opengl</Filter>
    </ClCompile>
    <ClCompile Include="opengl\vertex_spec.cpp">
      <Filter>opengl</Filter>
    </ClCompile>
    <ClCompile Include="opengl\utility.cpp">
      <Filter>opengl</Filter>
    </ClCompile>
    <ClCompile Include="opengl\buffer.cpp">
      <Filter>opengl</Filter>
    </ClCompile>
    <ClCompile Include="file\mesh_wavefront.cpp">
      <Filter>file</Filter>
    </ClCompile>
    <ClCompile Include="file\image_tga.cpp">
      <Filter>file</Filter>
    </ClCompile>
    <ClCompile Include="data\image.cpp">
      <Filter>data</Filter>
    </ClCompile>
    <ClCompile Include="opengl\texture.cpp">
      <Filter>opengl</Filter>
    </ClCompile>
    <ClCompile Include="opengl\framebuffer.cpp">
      <Filter>opengl</Filter>
    </ClCompile>
    <ClCompile Include="sys\app.cpp">
      <Filter>sys</Filter>
    </ClCompile>
    <ClCompile Include="sys\win_app.cpp">
      <Filter>sys</Filter>
    </ClCompile>
    <ClCompile Include="sys\input.cpp">
      <Filter>sys</Filter>
    </ClCompile>
  </ItemGroup>
  <ItemGroup>
    <Filter Include="math">
      <UniqueIdentifier>{e8106177-098e-4ac0-9905-2150be8ad417}</UniqueIdentifier>
    </Filter>
    <Filter Include="data">
      <UniqueIdentifier>{3d601f46-1122-4c45-97a4-7a12c6a802a9}</UniqueIdentifier>
    </Filter>
    <Filter Include="file">
      <UniqueIdentifier>{14828bd9-7e54-46dc-b593-49e8baede65e}</UniqueIdentifier>
    </Filter>
    <Filter Include="base">
      <UniqueIdentifier>{2ea1799d-f62d-4847-87d8-4e95dd87c8c8}</UniqueIdentifier>
    </Filter>
    <Filter Include="sys">
      <UniqueIdentifier>{015ab915-01f0-44ac-9236-202f6e7e53f7}</UniqueIdentifier>
    </Filter>
    <Filter Include="opengl">
      <UniqueIdentifier>{7b214224-e4a9-4b7f-a05d-9bbab53c65be}</UniqueIdentifier>
    </Filter>
  </ItemGroup>
  <ItemGroup>
    <ClInclude Include="math\math.h">
      <Filter>math</Filter>
    </ClInclude>
    <ClInclude Include="math\float3.h">
      <Filter>math</Filter>
    </ClInclude>
    <ClInclude Include="math\float4.h">
      <Filter>math</Filter>
    </ClInclude>
    <ClInclude Include="math\quat.h">
      <Filter>math</Filter>
    </ClInclude>
    <ClInclude Include="math\float2.h">
      <Filter>math</Filter>
    </ClInclude>
    <ClInclude Include="math\uint2.h">
      <Filter>math</Filter>
    </ClInclude>
    <ClInclude Include="math\mat4.h">
      <Filter>math</Filter>
    </ClInclude>
    <ClInclude Include="math\mat3.h">
      <Filter>math</Filter>
    </ClInclude>
    <ClInclude Include="math\transform.h">
      <Filter>math</Filter>
    </ClInclude>
    <ClInclude Include="data\mesh.h">
      <Filter>data</Filter>
    </ClInclude>
    <ClInclude Include="file\file.h">
      <Filter>file</Filter>
    </ClInclude>
    <ClInclude Include="base\base.h">
      <Filter>base</Filter>
    </ClInclude>
    <ClInclude Include="sys\app.h">
      <Filter>sys</Filter>
    </ClInclude>
    <ClInclude Include="opengl\glcorearb.h">
      <Filter>opengl</Filter>
    </ClInclude>
    <ClInclude Include="math\utility.h">
      <Filter>math</Filter>
    </ClInclude>
    <ClInclude Include="data\shader.h">
      <Filter>data</Filter>
    </ClInclude>
    <ClInclude Include="opengl\shader.h">
      <Filter>opengl</Filter>
    </ClInclude>
    <ClInclude Include="opengl\opengl_def.h">
      <Filter>opengl</Filter>
    </ClInclude>
    <ClInclude Include="opengl\opengl.h">
      <Filter>opengl</Filter>
    </ClInclude>
    <ClInclude Include="opengl\vertex_spec.h">
      <Filter>opengl</Filter>
    </ClInclude>
    <ClInclude Include="opengl\utility.h">
      <Filter>opengl</Filter>
    </ClInclude>
    <ClInclude Include="opengl\buffer.h">
      <Filter>opengl</Filter>
    </ClInclude>
    <ClInclude Include="data\image.h">
      <Filter>data</Filter>
    </ClInclude>
    <ClInclude Include="opengl\texture.h">
      <Filter>opengl</Filter>
    </ClInclude>
    <ClInclude Include="opengl\framebuffer.h">
      <Filter>opengl</Filter>
    </ClInclude>
    <ClInclude Include="sys\win_app.h">
      <Filter>sys</Filter>
    </ClInclude>
    <ClInclude Include="sys\input.h">
      <Filter>sys</Filter>
    </ClInclude>
  </ItemGroup>
</Project>