<?xml version="1.0" encoding="utf-8"?>
<Project ToolsVersion="4.0" xmlns="http://schemas.microsoft.com/developer/msbuild/2003">
  <ItemGroup>
    <ClCompile Include="math\transform_unittest.cpp">
      <Filter>math</Filter>
    </ClCompile>
    <ClCompile Include="base\base_unittest.cpp">
      <Filter>base</Filter>
    </ClCompile>
    <ClCompile Include="math\utility_unittest_math.cpp">
      <Filter>math</Filter>
    </ClCompile>
    <ClCompile Include="sys\input_unittest.cpp">
      <Filter>sys</Filter>
    </ClCompile>
    <ClCompile Include="rnd\opengl\shader_unittest_opengl.cpp">
      <Filter>rnd\opengl</Filter>
    </ClCompile>
    <ClCompile Include="rnd\opengl\texture_unittest.cpp">
      <Filter>rnd\opengl</Filter>
    </ClCompile>
    <ClCompile Include="rnd\opengl\utility_unittest_opengl.cpp">
      <Filter>rnd\opengl</Filter>
    </ClCompile>
    <ClCompile Include="rnd\opengl\vertex_spec_unittest.cpp">
      <Filter>rnd\opengl</Filter>
    </ClCompile>
    <ClCompile Include="math\vector_unittest.cpp">
      <Filter>math</Filter>
    </ClCompile>
    <ClCompile Include="math\matrix_unittest.cpp">
      <Filter>math</Filter>
    </ClCompile>
    <ClCompile Include="rnd\utility\utility_unittest_rnd.cpp">
      <Filter>rnd\utility</Filter>
    </ClCompile>
    <ClCompile Include="data\common_file.cpp">
      <Filter>data</Filter>
    </ClCompile>
    <ClCompile Include="data\image_unittest.cpp">
      <Filter>data</Filter>
    </ClCompile>
    <ClCompile Include="data\shader_unittest.cpp">
      <Filter>data</Filter>
    </ClCompile>
    <ClCompile Include="data\vertex_unittest.cpp">
      <Filter>data</Filter>
    </ClCompile>
    <ClCompile Include="data\file_unittest.cpp">
      <Filter>data</Filter>
    </ClCompile>
    <ClCompile Include="data\model_unittest.cpp">
      <Filter>data</Filter>
    </ClCompile>
  </ItemGroup>
  <ItemGroup>
    <Filter Include="math">
      <UniqueIdentifier>{2076d25b-fb36-4785-91fe-f46b6f01b7b4}</UniqueIdentifier>
    </Filter>
    <Filter Include="data">
      <UniqueIdentifier>{b4d228fe-d11b-40f8-9c0b-52b577f506a5}</UniqueIdentifier>
    </Filter>
    <Filter Include="base">
      <UniqueIdentifier>{db1f1e95-ccdc-4e77-a9d3-da0ece4b3664}</UniqueIdentifier>
    </Filter>
    <Filter Include="sys">
      <UniqueIdentifier>{53127f8c-541e-445d-8b52-5c2c1fa2e908}</UniqueIdentifier>
    </Filter>
    <Filter Include="rnd">
      <UniqueIdentifier>{8605e44c-d5cd-4adc-900e-b744c6554d44}</UniqueIdentifier>
    </Filter>
    <Filter Include="rnd\opengl">
      <UniqueIdentifier>{2fa68817-8fc3-4252-8fc6-7b9800d5e867}</UniqueIdentifier>
    </Filter>
    <Filter Include="rnd\utility">
      <UniqueIdentifier>{c8186aee-521e-47a7-ae5f-34f297e12418}</UniqueIdentifier>
    </Filter>
  </ItemGroup>
  <ItemGroup>
    <ClInclude Include="math\common_math.h">
      <Filter>math</Filter>
    </ClInclude>
    <ClInclude Include="data\common_file.h">
      <Filter>data</Filter>
    </ClInclude>
  </ItemGroup>
</Project>