<?xml version="1.0" encoding="utf-8"?>
<Project ToolsVersion="4.0" xmlns="http://schemas.microsoft.com/developer/msbuild/2003">
  <ItemGroup>
    <ClCompile Include="math\utils_unittest.cpp">
      <Filter>math</Filter>
    </ClCompile>
    <ClCompile Include="math\float3_unittest.cpp">
      <Filter>math</Filter>
    </ClCompile>
    <ClCompile Include="math\float4_unittest.cpp">
      <Filter>math</Filter>
    </ClCompile>
    <ClCompile Include="math\quat_unittest.cpp">
      <Filter>math</Filter>
    </ClCompile>
    <ClCompile Include="math\float2_unittest.cpp">
      <Filter>math</Filter>
    </ClCompile>
    <ClCompile Include="math\uint2_unittest.cpp">
      <Filter>math</Filter>
    </ClCompile>
    <ClCompile Include="math\mat4_unittest.cpp">
      <Filter>math</Filter>
    </ClCompile>
    <ClCompile Include="math\mat3_unittest.cpp">
      <Filter>math</Filter>
    </ClCompile>
    <ClCompile Include="math\transform_unittest.cpp">
      <Filter>math</Filter>
    </ClCompile>
    <ClCompile Include="data\mesh_unittest.cpp">
      <Filter>data</Filter>
    </ClCompile>
    <ClCompile Include="file\file_unittest.cpp">
      <Filter>file</Filter>
    </ClCompile>
    <ClCompile Include="base\base_unittest.cpp">
      <Filter>base</Filter>
    </ClCompile>
    <ClCompile Include="file\file_unittest_common.cpp">
      <Filter>file</Filter>
    </ClCompile>
    <ClCompile Include="file\by_line_iterator_unittest.cpp">
      <Filter>file</Filter>
    </ClCompile>
    <ClCompile Include="file\load_mesh_wavefront_unittest.cpp">
      <Filter>file</Filter>
    </ClCompile>
  </ItemGroup>
  <ItemGroup>
    <Filter Include="math">
      <UniqueIdentifier>{2076d25b-fb36-4785-91fe-f46b6f01b7b4}</UniqueIdentifier>
    </Filter>
    <Filter Include="data">
      <UniqueIdentifier>{b4d228fe-d11b-40f8-9c0b-52b577f506a5}</UniqueIdentifier>
    </Filter>
    <Filter Include="file">
      <UniqueIdentifier>{7891cba4-70ca-4586-80f3-e13257c7d895}</UniqueIdentifier>
    </Filter>
    <Filter Include="base">
      <UniqueIdentifier>{db1f1e95-ccdc-4e77-a9d3-da0ece4b3664}</UniqueIdentifier>
    </Filter>
  </ItemGroup>
  <ItemGroup>
    <ClInclude Include="math\math_unittest_common.h">
      <Filter>math</Filter>
    </ClInclude>
    <ClInclude Include="file\file_unittest_common.h">
      <Filter>file</Filter>
    </ClInclude>
  </ItemGroup>
</Project>